
Microsoft Visual Studio Solution File, Format Version 12.00
# Visual Studio Version 17
VisualStudioVersion = 17.3.32819.101
MinimumVisualStudioVersion = 10.0.40219.1
Project("{FAE04EC0-301F-11D3-BF4B-00C04F79EFBC}") = "Visitors Placement Tool", "Visitors Placement Tool.csproj", "{08CC2B41-3227-4964-AE17-B33E47413059}"
EndProject
Global
	GlobalSection(SolutionConfigurationPlatforms) = preSolution
		Debug|Any CPU = Debug|Any CPU
		Release|Any CPU = Release|Any CPU
	EndGlobalSection
	GlobalSection(ProjectConfigurationPlatforms) = postSolution
		{08CC2B41-3227-4964-AE17-B33E47413059}.Debug|Any CPU.ActiveCfg = Debug|Any CPU
		{08CC2B41-3227-4964-AE17-B33E47413059}.Debug|Any CPU.Build.0 = Debug|Any CPU
		{08CC2B41-3227-4964-AE17-B33E47413059}.Release|Any CPU.ActiveCfg = Release|Any CPU
		{08CC2B41-3227-4964-AE17-B33E47413059}.Release|Any CPU.Build.0 = Release|Any CPU
	EndGlobalSection
	GlobalSection(SolutionProperties) = preSolution
		HideSolutionNode = FALSE
	EndGlobalSection
	GlobalSection(ExtensibilityGlobals) = postSolution
		SolutionGuid = {F130F01A-9210-45B3-9697-30D0E251CD7D}
	EndGlobalSection
EndGlobal
